
Microsoft Visual Studio Solution File, Format Version 12.00
# Visual Studio Version 17
VisualStudioVersion = 17.9.34728.123
MinimumVisualStudioVersion = 10.0.40219.1
Project("{9A19103F-16F7-4668-BE54-9A1E7A4F7556}") = "WebApi", "src\Presentation\WebApi\WebApi.csproj", "{81E7793E-52CA-4325-80EA-3B3C8792F9BC}"
EndProject
Project("{9A19103F-16F7-4668-BE54-9A1E7A4F7556}") = "Infrastructure", "src\Infrastructure\Infrastructure.csproj", "{DF3AF43A-9219-4A91-B926-378DEF487C85}"
EndProject
Project("{9A19103F-16F7-4668-BE54-9A1E7A4F7556}") = "Domain", "src\Domain\Domain.csproj", "{211F5AA8-8669-4503-A16C-CF462A543657}"
EndProject
Project("{9A19103F-16F7-4668-BE54-9A1E7A4F7556}") = "Application", "src\Application\Application.csproj", "{DF3E6FB8-8E54-4FE6-A51C-DE2DA92BE750}"
EndProject
Project("{9A19103F-16F7-4668-BE54-9A1E7A4F7556}") = "Application.Tests", "test\Application.Tests\Application.Tests.csproj", "{9EC359F1-577D-4D1B-9AB4-6ED8B2A16801}"
EndProject
Project("{2150E333-8FDC-42A3-9474-1A3956D46DE8}") = "src", "src", "{A1111111-B222-3333-4444-555555555555}"
EndProject
Project("{2150E333-8FDC-42A3-9474-1A3956D46DE8}") = "test", "test", "{B1111111-C222-3333-4444-555555555555}"
EndProject
Project("{2150E333-8FDC-42A3-9474-1A3956D46DE8}") = "docker", "docker", "{C1111111-D222-3333-4444-555555555555}"
EndProject
Project("{2150E333-8FDC-42A3-9474-1A3956D46DE8}") = "Presentation", "Presentation", "{D1111111-E222-3333-4444-555555555555}"
EndProject
Project("{9A19103F-16F7-4668-BE54-9A1E7A4F7556}") = "Domain.Tests", "test\Domain.Tests\Domain.Tests.csproj", "{BCAB5C09-7C25-4AAE-BB88-85128AA10FB4}"
EndProject
Project("{9A19103F-16F7-4668-BE54-9A1E7A4F7556}") = "Infrastructure.Test", "test\Infrastructure.Test\Infrastructure.Test.csproj", "{5728D774-E9CC-48A5-B2A8-4DA5471E19C5}"
EndProject
Project("{9A19103F-16F7-4668-BE54-9A1E7A4F7556}") = "WebApi.Tests", "test\WebApi.Tests\WebApi.Tests.csproj", "{5105025C-FE78-4103-921B-1F7DA5EF2119}"
EndProject
Global
	GlobalSection(SolutionConfigurationPlatforms) = preSolution
		Debug|Any CPU = Debug|Any CPU
		Release|Any CPU = Release|Any CPU
	EndGlobalSection
	GlobalSection(ProjectConfigurationPlatforms) = postSolution
		{81E7793E-52CA-4325-80EA-3B3C8792F9BC}.Debug|Any CPU.ActiveCfg = Debug|Any CPU
		{81E7793E-52CA-4325-80EA-3B3C8792F9BC}.Debug|Any CPU.Build.0 = Debug|Any CPU
		{81E7793E-52CA-4325-80EA-3B3C8792F9BC}.Release|Any CPU.ActiveCfg = Release|Any CPU
		{81E7793E-52CA-4325-80EA-3B3C8792F9BC}.Release|Any CPU.Build.0 = Release|Any CPU
		{DF3AF43A-9219-4A91-B926-378DEF487C85}.Debug|Any CPU.ActiveCfg = Debug|Any CPU
		{DF3AF43A-9219-4A91-B926-378DEF487C85}.Debug|Any CPU.Build.0 = Debug|Any CPU
		{DF3AF43A-9219-4A91-B926-378DEF487C85}.Release|Any CPU.ActiveCfg = Release|Any CPU
		{DF3AF43A-9219-4A91-B926-378DEF487C85}.Release|Any CPU.Build.0 = Release|Any CPU
		{211F5AA8-8669-4503-A16C-CF462A543657}.Debug|Any CPU.ActiveCfg = Debug|Any CPU
		{211F5AA8-8669-4503-A16C-CF462A543657}.Debug|Any CPU.Build.0 = Debug|Any CPU
		{211F5AA8-8669-4503-A16C-CF462A543657}.Release|Any CPU.ActiveCfg = Release|Any CPU
		{211F5AA8-8669-4503-A16C-CF462A543657}.Release|Any CPU.Build.0 = Release|Any CPU
		{DF3E6FB8-8E54-4FE6-A51C-DE2DA92BE750}.Debug|Any CPU.ActiveCfg = Debug|Any CPU
		{DF3E6FB8-8E54-4FE6-A51C-DE2DA92BE750}.Debug|Any CPU.Build.0 = Debug|Any CPU
		{DF3E6FB8-8E54-4FE6-A51C-DE2DA92BE750}.Release|Any CPU.ActiveCfg = Release|Any CPU
		{DF3E6FB8-8E54-4FE6-A51C-DE2DA92BE750}.Release|Any CPU.Build.0 = Release|Any CPU
		{9EC359F1-577D-4D1B-9AB4-6ED8B2A16801}.Debug|Any CPU.ActiveCfg = Debug|Any CPU
		{9EC359F1-577D-4D1B-9AB4-6ED8B2A16801}.Debug|Any CPU.Build.0 = Debug|Any CPU
		{9EC359F1-577D-4D1B-9AB4-6ED8B2A16801}.Release|Any CPU.ActiveCfg = Release|Any CPU
		{9EC359F1-577D-4D1B-9AB4-6ED8B2A16801}.Release|Any CPU.Build.0 = Release|Any CPU
		{BCAB5C09-7C25-4AAE-BB88-85128AA10FB4}.Debug|Any CPU.ActiveCfg = Debug|Any CPU
		{BCAB5C09-7C25-4AAE-BB88-85128AA10FB4}.Debug|Any CPU.Build.0 = Debug|Any CPU
		{BCAB5C09-7C25-4AAE-BB88-85128AA10FB4}.Release|Any CPU.ActiveCfg = Release|Any CPU
		{BCAB5C09-7C25-4AAE-BB88-85128AA10FB4}.Release|Any CPU.Build.0 = Release|Any CPU
		{5728D774-E9CC-48A5-B2A8-4DA5471E19C5}.Debug|Any CPU.ActiveCfg = Debug|Any CPU
		{5728D774-E9CC-48A5-B2A8-4DA5471E19C5}.Debug|Any CPU.Build.0 = Debug|Any CPU
		{5728D774-E9CC-48A5-B2A8-4DA5471E19C5}.Release|Any CPU.ActiveCfg = Release|Any CPU
		{5728D774-E9CC-48A5-B2A8-4DA5471E19C5}.Release|Any CPU.Build.0 = Release|Any CPU
		{5105025C-FE78-4103-921B-1F7DA5EF2119}.Debug|Any CPU.ActiveCfg = Debug|Any CPU
		{5105025C-FE78-4103-921B-1F7DA5EF2119}.Debug|Any CPU.Build.0 = Debug|Any CPU
		{5105025C-FE78-4103-921B-1F7DA5EF2119}.Release|Any CPU.ActiveCfg = Release|Any CPU
		{5105025C-FE78-4103-921B-1F7DA5EF2119}.Release|Any CPU.Build.0 = Release|Any CPU
	EndGlobalSection
	GlobalSection(SolutionProperties) = preSolution
		HideSolutionNode = FALSE
	EndGlobalSection
	GlobalSection(NestedProjects) = preSolution
		{81E7793E-52CA-4325-80EA-3B3C8792F9BC} = {D1111111-E222-3333-4444-555555555555}
		{DF3AF43A-9219-4A91-B926-378DEF487C85} = {A1111111-B222-3333-4444-555555555555}
		{211F5AA8-8669-4503-A16C-CF462A543657} = {A1111111-B222-3333-4444-555555555555}
		{DF3E6FB8-8E54-4FE6-A51C-DE2DA92BE750} = {A1111111-B222-3333-4444-555555555555}
		{9EC359F1-577D-4D1B-9AB4-6ED8B2A16801} = {B1111111-C222-3333-4444-555555555555}
		{D1111111-E222-3333-4444-555555555555} = {A1111111-B222-3333-4444-555555555555}
		{BCAB5C09-7C25-4AAE-BB88-85128AA10FB4} = {B1111111-C222-3333-4444-555555555555}
		{5728D774-E9CC-48A5-B2A8-4DA5471E19C5} = {B1111111-C222-3333-4444-555555555555}
		{5105025C-FE78-4103-921B-1F7DA5EF2119} = {B1111111-C222-3333-4444-555555555555}
	EndGlobalSection
	GlobalSection(ExtensibilityGlobals) = postSolution
		SolutionGuid = {025D6D07-F8CF-4F3A-9A4F-A4920779F0EB}
	EndGlobalSection
EndGlobal
